
Microsoft Visual Studio Solution File, Format Version 12.00
# Visual Studio 14
VisualStudioVersion = 14.0.23107.0
MinimumVisualStudioVersion = 10.0.40219.1
Project("{FAE04EC0-301F-11D3-BF4B-00C04F79EFBC}") = "FCM-GUI", "FCM-GUI\FCM-GUI.csproj", "{EC2B22FA-D864-4EC3-9D25-A7BAFB9CDA54}"
EndProject
Project("{FAE04EC0-301F-11D3-BF4B-00C04F79EFBC}") = "AppLogic", "AppLogic\AppLogic.csproj", "{57F640A9-D33A-40E4-A4E0-D29E771E36A6}"
EndProject
Global
	GlobalSection(SolutionConfigurationPlatforms) = preSolution
		Debug|Any CPU = Debug|Any CPU
		Release|Any CPU = Release|Any CPU
	EndGlobalSection
	GlobalSection(ProjectConfigurationPlatforms) = postSolution
		{EC2B22FA-D864-4EC3-9D25-A7BAFB9CDA54}.Debug|Any CPU.ActiveCfg = Debug|Any CPU
		{EC2B22FA-D864-4EC3-9D25-A7BAFB9CDA54}.Debug|Any CPU.Build.0 = Debug|Any CPU
		{EC2B22FA-D864-4EC3-9D25-A7BAFB9CDA54}.Release|Any CPU.ActiveCfg = Release|Any CPU
		{EC2B22FA-D864-4EC3-9D25-A7BAFB9CDA54}.Release|Any CPU.Build.0 = Release|Any CPU
		{57F640A9-D33A-40E4-A4E0-D29E771E36A6}.Debug|Any CPU.ActiveCfg = Debug|Any CPU
		{57F640A9-D33A-40E4-A4E0-D29E771E36A6}.Debug|Any CPU.Build.0 = Debug|Any CPU
		{57F640A9-D33A-40E4-A4E0-D29E771E36A6}.Release|Any CPU.ActiveCfg = Release|Any CPU
		{57F640A9-D33A-40E4-A4E0-D29E771E36A6}.Release|Any CPU.Build.0 = Release|Any CPU
	EndGlobalSection
	GlobalSection(SolutionProperties) = preSolution
		HideSolutionNode = FALSE
	EndGlobalSection
EndGlobal
